
Microsoft Visual Studio Solution File, Format Version 12.00
# Visual Studio Version 17
VisualStudioVersion = 17.12.35514.174 d17.12
MinimumVisualStudioVersion = 10.0.40219.1
Project("{FAE04EC0-301F-11D3-BF4B-00C04F79EFBC}") = "RegistroEmpleados.AppMovil", "RegistroEmpleados.AppMovil\RegistroEmpleados.AppMovil.csproj", "{2CE6F711-A321-4C4A-A874-BFBC3A72E0A1}"
EndProject
Project("{FAE04EC0-301F-11D3-BF4B-00C04F79EFBC}") = "RegistroEmpleados.Modelos", "RegistroEmpleados.Modelos\RegistroEmpleados.Modelos.csproj", "{1049D657-DAEA-48A1-9683-6B9BF6541258}"
EndProject
Global
	GlobalSection(SolutionConfigurationPlatforms) = preSolution
		Debug|Any CPU = Debug|Any CPU
		Release|Any CPU = Release|Any CPU
	EndGlobalSection
	GlobalSection(ProjectConfigurationPlatforms) = postSolution
		{2CE6F711-A321-4C4A-A874-BFBC3A72E0A1}.Debug|Any CPU.ActiveCfg = Debug|Any CPU
		{2CE6F711-A321-4C4A-A874-BFBC3A72E0A1}.Debug|Any CPU.Build.0 = Debug|Any CPU
		{2CE6F711-A321-4C4A-A874-BFBC3A72E0A1}.Debug|Any CPU.Deploy.0 = Debug|Any CPU
		{2CE6F711-A321-4C4A-A874-BFBC3A72E0A1}.Release|Any CPU.ActiveCfg = Release|Any CPU
		{2CE6F711-A321-4C4A-A874-BFBC3A72E0A1}.Release|Any CPU.Build.0 = Release|Any CPU
		{2CE6F711-A321-4C4A-A874-BFBC3A72E0A1}.Release|Any CPU.Deploy.0 = Release|Any CPU
		{1049D657-DAEA-48A1-9683-6B9BF6541258}.Debug|Any CPU.ActiveCfg = Debug|Any CPU
		{1049D657-DAEA-48A1-9683-6B9BF6541258}.Debug|Any CPU.Build.0 = Debug|Any CPU
		{1049D657-DAEA-48A1-9683-6B9BF6541258}.Release|Any CPU.ActiveCfg = Release|Any CPU
		{1049D657-DAEA-48A1-9683-6B9BF6541258}.Release|Any CPU.Build.0 = Release|Any CPU
	EndGlobalSection
	GlobalSection(SolutionProperties) = preSolution
		HideSolutionNode = FALSE
	EndGlobalSection
EndGlobal
